
Microsoft Visual Studio Solution File, Format Version 12.00
# Visual Studio 15
VisualStudioVersion = 15.0.28010.2016
MinimumVisualStudioVersion = 10.0.40219.1
Project("{FAE04EC0-301F-11D3-BF4B-00C04F79EFBC}") = "BeatAppEver.API", "BeatAppEver.API\BeatAppEver.API.csproj", "{AC1FCCB2-4833-4015-B33C-29F7C603D565}"
EndProject
Global
	GlobalSection(SolutionConfigurationPlatforms) = preSolution
		Debug|Any CPU = Debug|Any CPU
		Release|Any CPU = Release|Any CPU
	EndGlobalSection
	GlobalSection(ProjectConfigurationPlatforms) = postSolution
		{AC1FCCB2-4833-4015-B33C-29F7C603D565}.Debug|Any CPU.ActiveCfg = Debug|Any CPU
		{AC1FCCB2-4833-4015-B33C-29F7C603D565}.Debug|Any CPU.Build.0 = Debug|Any CPU
		{AC1FCCB2-4833-4015-B33C-29F7C603D565}.Release|Any CPU.ActiveCfg = Release|Any CPU
		{AC1FCCB2-4833-4015-B33C-29F7C603D565}.Release|Any CPU.Build.0 = Release|Any CPU
	EndGlobalSection
	GlobalSection(SolutionProperties) = preSolution
		HideSolutionNode = FALSE
	EndGlobalSection
	GlobalSection(ExtensibilityGlobals) = postSolution
		SolutionGuid = {D321E880-20CB-4E14-A781-1612FFBB52A4}
	EndGlobalSection
EndGlobal
