
Microsoft Visual Studio Solution File, Format Version 12.00
# Visual Studio 15
VisualStudioVersion = 15.0.28010.2016
MinimumVisualStudioVersion = 10.0.40219.1
Project("{FAE04EC0-301F-11D3-BF4B-00C04F79EFBC}") = "BestAppEver.ComputingEngine", "BestAppEver.ComputingEngine\BestAppEver.ComputingEngine.csproj", "{8D46C7BB-0CF0-41D9-9807-747A8B3967F6}"
EndProject
Global
	GlobalSection(SolutionConfigurationPlatforms) = preSolution
		Debug|Any CPU = Debug|Any CPU
		Release|Any CPU = Release|Any CPU
	EndGlobalSection
	GlobalSection(ProjectConfigurationPlatforms) = postSolution
		{8D46C7BB-0CF0-41D9-9807-747A8B3967F6}.Debug|Any CPU.ActiveCfg = Debug|Any CPU
		{8D46C7BB-0CF0-41D9-9807-747A8B3967F6}.Debug|Any CPU.Build.0 = Debug|Any CPU
		{8D46C7BB-0CF0-41D9-9807-747A8B3967F6}.Release|Any CPU.ActiveCfg = Release|Any CPU
		{8D46C7BB-0CF0-41D9-9807-747A8B3967F6}.Release|Any CPU.Build.0 = Release|Any CPU
	EndGlobalSection
	GlobalSection(SolutionProperties) = preSolution
		HideSolutionNode = FALSE
	EndGlobalSection
	GlobalSection(ExtensibilityGlobals) = postSolution
		SolutionGuid = {BDB712AD-26D0-41BB-849F-7054396B3D0D}
	EndGlobalSection
EndGlobal
